
Microsoft Visual Studio Solution File, Format Version 12.00
# Visual Studio 15
VisualStudioVersion = 15.0.28010.2036
MinimumVisualStudioVersion = 10.0.40219.1
Project("{FAE04EC0-301F-11D3-BF4B-00C04F79EFBC}") = "T1708E_Demo1", "T1708E_Demo1\T1708E_Demo1.csproj", "{28904F0C-55AD-4EAD-973C-64EB9C67B304}"
EndProject
Global
	GlobalSection(SolutionConfigurationPlatforms) = preSolution
		Debug|ARM = Debug|ARM
		Debug|x64 = Debug|x64
		Debug|x86 = Debug|x86
		Release|ARM = Release|ARM
		Release|x64 = Release|x64
		Release|x86 = Release|x86
	EndGlobalSection
	GlobalSection(ProjectConfigurationPlatforms) = postSolution
		{28904F0C-55AD-4EAD-973C-64EB9C67B304}.Debug|ARM.ActiveCfg = Debug|ARM
		{28904F0C-55AD-4EAD-973C-64EB9C67B304}.Debug|ARM.Build.0 = Debug|ARM
		{28904F0C-55AD-4EAD-973C-64EB9C67B304}.Debug|ARM.Deploy.0 = Debug|ARM
		{28904F0C-55AD-4EAD-973C-64EB9C67B304}.Debug|x64.ActiveCfg = Debug|x64
		{28904F0C-55AD-4EAD-973C-64EB9C67B304}.Debug|x64.Build.0 = Debug|x64
		{28904F0C-55AD-4EAD-973C-64EB9C67B304}.Debug|x64.Deploy.0 = Debug|x64
		{28904F0C-55AD-4EAD-973C-64EB9C67B304}.Debug|x86.ActiveCfg = Debug|x86
		{28904F0C-55AD-4EAD-973C-64EB9C67B304}.Debug|x86.Build.0 = Debug|x86
		{28904F0C-55AD-4EAD-973C-64EB9C67B304}.Debug|x86.Deploy.0 = Debug|x86
		{28904F0C-55AD-4EAD-973C-64EB9C67B304}.Release|ARM.ActiveCfg = Release|ARM
		{28904F0C-55AD-4EAD-973C-64EB9C67B304}.Release|ARM.Build.0 = Release|ARM
		{28904F0C-55AD-4EAD-973C-64EB9C67B304}.Release|ARM.Deploy.0 = Release|ARM
		{28904F0C-55AD-4EAD-973C-64EB9C67B304}.Release|x64.ActiveCfg = Release|x64
		{28904F0C-55AD-4EAD-973C-64EB9C67B304}.Release|x64.Build.0 = Release|x64
		{28904F0C-55AD-4EAD-973C-64EB9C67B304}.Release|x64.Deploy.0 = Release|x64
		{28904F0C-55AD-4EAD-973C-64EB9C67B304}.Release|x86.ActiveCfg = Release|x86
		{28904F0C-55AD-4EAD-973C-64EB9C67B304}.Release|x86.Build.0 = Release|x86
		{28904F0C-55AD-4EAD-973C-64EB9C67B304}.Release|x86.Deploy.0 = Release|x86
	EndGlobalSection
	GlobalSection(SolutionProperties) = preSolution
		HideSolutionNode = FALSE
	EndGlobalSection
	GlobalSection(ExtensibilityGlobals) = postSolution
		SolutionGuid = {CAF5EEDC-CA75-42C0-85F8-A0266817BB35}
	EndGlobalSection
EndGlobal
